
Microsoft Visual Studio Solution File, Format Version 12.00
# Visual Studio 2013
VisualStudioVersion = 12.0.21005.1
MinimumVisualStudioVersion = 10.0.40219.1
Project("{FAE04EC0-301F-11D3-BF4B-00C04F79EFBC}") = "HilfepatienAPI", "HilfepatienAPI\HilfepatienAPI.csproj", "{4E0B48D0-8CA4-4D41-A8C8-AF94DC236762}"
EndProject
Project("{FAE04EC0-301F-11D3-BF4B-00C04F79EFBC}") = "HilfepatienAPI_Cliente", "HilfepatienAPI_Cliente\HilfepatienAPI_Cliente.csproj", "{EE2E5CFC-D523-489B-93A0-C0A2D0D5755A}"
EndProject
Global
	GlobalSection(SolutionConfigurationPlatforms) = preSolution
		Debug|Any CPU = Debug|Any CPU
		Release|Any CPU = Release|Any CPU
	EndGlobalSection
	GlobalSection(ProjectConfigurationPlatforms) = postSolution
		{4E0B48D0-8CA4-4D41-A8C8-AF94DC236762}.Debug|Any CPU.ActiveCfg = Debug|Any CPU
		{4E0B48D0-8CA4-4D41-A8C8-AF94DC236762}.Debug|Any CPU.Build.0 = Debug|Any CPU
		{4E0B48D0-8CA4-4D41-A8C8-AF94DC236762}.Release|Any CPU.ActiveCfg = Release|Any CPU
		{4E0B48D0-8CA4-4D41-A8C8-AF94DC236762}.Release|Any CPU.Build.0 = Release|Any CPU
		{EE2E5CFC-D523-489B-93A0-C0A2D0D5755A}.Debug|Any CPU.ActiveCfg = Debug|Any CPU
		{EE2E5CFC-D523-489B-93A0-C0A2D0D5755A}.Debug|Any CPU.Build.0 = Debug|Any CPU
		{EE2E5CFC-D523-489B-93A0-C0A2D0D5755A}.Release|Any CPU.ActiveCfg = Release|Any CPU
		{EE2E5CFC-D523-489B-93A0-C0A2D0D5755A}.Release|Any CPU.Build.0 = Release|Any CPU
	EndGlobalSection
	GlobalSection(SolutionProperties) = preSolution
		HideSolutionNode = FALSE
	EndGlobalSection
EndGlobal
